
Microsoft Visual Studio Solution File, Format Version 12.00
# Visual Studio Version 17
VisualStudioVersion = 17.11.35327.3
MinimumVisualStudioVersion = 10.0.40219.1
Project("{FAE04EC0-301F-11D3-BF4B-00C04F79EFBC}") = "DPGI", "DPGI\DPGI.csproj", "{CC55244B-D781-492D-820F-82CE10825919}"
EndProject
Global
	GlobalSection(SolutionConfigurationPlatforms) = preSolution
		Debug|Any CPU = Debug|Any CPU
		Release|Any CPU = Release|Any CPU
	EndGlobalSection
	GlobalSection(ProjectConfigurationPlatforms) = postSolution
		{CC55244B-D781-492D-820F-82CE10825919}.Debug|Any CPU.ActiveCfg = Debug|Any CPU
		{CC55244B-D781-492D-820F-82CE10825919}.Debug|Any CPU.Build.0 = Debug|Any CPU
		{CC55244B-D781-492D-820F-82CE10825919}.Release|Any CPU.ActiveCfg = Release|Any CPU
		{CC55244B-D781-492D-820F-82CE10825919}.Release|Any CPU.Build.0 = Release|Any CPU
	EndGlobalSection
	GlobalSection(SolutionProperties) = preSolution
		HideSolutionNode = FALSE
	EndGlobalSection
	GlobalSection(ExtensibilityGlobals) = postSolution
		SolutionGuid = {3EFBDFE0-1086-478B-8313-59C7D8C6FEDC}
	EndGlobalSection
EndGlobal
