
Microsoft Visual Studio Solution File, Format Version 12.00
# Visual Studio Version 17
VisualStudioVersion = 17.11.35327.3
MinimumVisualStudioVersion = 10.0.40219.1
Project("{FAE04EC0-301F-11D3-BF4B-00C04F79EFBC}") = "lab5-fixed", "lab5-fixed\lab5-fixed.csproj", "{308AC45F-98DA-4DE5-9679-E00C3D55D7C9}"
EndProject
Global
	GlobalSection(SolutionConfigurationPlatforms) = preSolution
		Debug|Any CPU = Debug|Any CPU
		Release|Any CPU = Release|Any CPU
	EndGlobalSection
	GlobalSection(ProjectConfigurationPlatforms) = postSolution
		{308AC45F-98DA-4DE5-9679-E00C3D55D7C9}.Debug|Any CPU.ActiveCfg = Debug|Any CPU
		{308AC45F-98DA-4DE5-9679-E00C3D55D7C9}.Debug|Any CPU.Build.0 = Debug|Any CPU
		{308AC45F-98DA-4DE5-9679-E00C3D55D7C9}.Release|Any CPU.ActiveCfg = Release|Any CPU
		{308AC45F-98DA-4DE5-9679-E00C3D55D7C9}.Release|Any CPU.Build.0 = Release|Any CPU
	EndGlobalSection
	GlobalSection(SolutionProperties) = preSolution
		HideSolutionNode = FALSE
	EndGlobalSection
	GlobalSection(ExtensibilityGlobals) = postSolution
		SolutionGuid = {2FF1FAC8-EA40-4270-9AF3-1056B6BE9F59}
	EndGlobalSection
EndGlobal
