
Microsoft Visual Studio Solution File, Format Version 12.00
# Visual Studio Version 17
VisualStudioVersion = 17.11.35327.3
MinimumVisualStudioVersion = 10.0.40219.1
Project("{FAE04EC0-301F-11D3-BF4B-00C04F79EFBC}") = "lab6", "lab6\lab6.csproj", "{23ECE442-E07B-47D1-B3CC-BAD65BD351DA}"
EndProject
Global
	GlobalSection(SolutionConfigurationPlatforms) = preSolution
		Debug|Any CPU = Debug|Any CPU
		Release|Any CPU = Release|Any CPU
	EndGlobalSection
	GlobalSection(ProjectConfigurationPlatforms) = postSolution
		{23ECE442-E07B-47D1-B3CC-BAD65BD351DA}.Debug|Any CPU.ActiveCfg = Debug|Any CPU
		{23ECE442-E07B-47D1-B3CC-BAD65BD351DA}.Debug|Any CPU.Build.0 = Debug|Any CPU
		{23ECE442-E07B-47D1-B3CC-BAD65BD351DA}.Release|Any CPU.ActiveCfg = Release|Any CPU
		{23ECE442-E07B-47D1-B3CC-BAD65BD351DA}.Release|Any CPU.Build.0 = Release|Any CPU
	EndGlobalSection
	GlobalSection(SolutionProperties) = preSolution
		HideSolutionNode = FALSE
	EndGlobalSection
	GlobalSection(ExtensibilityGlobals) = postSolution
		SolutionGuid = {F83D43B0-E5B6-43EF-BE70-20E49AF3F888}
	EndGlobalSection
EndGlobal
